
Microsoft Visual Studio Solution File, Format Version 12.00
# Visual Studio Version 16
VisualStudioVersion = 16.0.31129.286
MinimumVisualStudioVersion = 10.0.40219.1
Project("{9A19103F-16F7-4668-BE54-9A1E7A4F7556}") = "PantryPassionGUI", "PantryPassionGUI\PantryPassionGUI.csproj", "{DB88EF52-88B2-4C99-90EE-A3DD834A9A44}"
EndProject
Project("{9A19103F-16F7-4668-BE54-9A1E7A4F7556}") = "PantryPassion.Test.Unit", "PantryPassion.Test.Unit\PantryPassion.Test.Unit.csproj", "{DEF6B8BE-CCA5-4435-9B19-55FEBC7094CB}"
EndProject
Project("{2150E333-8FDC-42A3-9474-1A3956D46DE8}") = "Solution Items", "Solution Items", "{6D1AFF07-B636-42AE-82E4-10AC1DACBF28}"
	ProjectSection(SolutionItems) = preProject
		dotCoverCoverageConfigCore.xml = dotCoverCoverageConfigCore.xml
	EndProjectSection
EndProject
Project("{9A19103F-16F7-4668-BE54-9A1E7A4F7556}") = "PantryPassion.Test.Integration", "PantryPassion.Test.Integration1\PantryPassion.Test.Integration.csproj", "{C8E61C8A-144A-4C58-8B1B-7E67162F3119}"
EndProject
Global
	GlobalSection(SolutionConfigurationPlatforms) = preSolution
		Debug|Any CPU = Debug|Any CPU
		Debug|x64 = Debug|x64
		Release|Any CPU = Release|Any CPU
		Release|x64 = Release|x64
	EndGlobalSection
	GlobalSection(ProjectConfigurationPlatforms) = postSolution
		{DB88EF52-88B2-4C99-90EE-A3DD834A9A44}.Debug|Any CPU.ActiveCfg = Debug|Any CPU
		{DB88EF52-88B2-4C99-90EE-A3DD834A9A44}.Debug|Any CPU.Build.0 = Debug|Any CPU
		{DB88EF52-88B2-4C99-90EE-A3DD834A9A44}.Debug|x64.ActiveCfg = Debug|Any CPU
		{DB88EF52-88B2-4C99-90EE-A3DD834A9A44}.Debug|x64.Build.0 = Debug|Any CPU
		{DB88EF52-88B2-4C99-90EE-A3DD834A9A44}.Release|Any CPU.ActiveCfg = Release|Any CPU
		{DB88EF52-88B2-4C99-90EE-A3DD834A9A44}.Release|Any CPU.Build.0 = Release|Any CPU
		{DB88EF52-88B2-4C99-90EE-A3DD834A9A44}.Release|x64.ActiveCfg = Release|x64
		{DB88EF52-88B2-4C99-90EE-A3DD834A9A44}.Release|x64.Build.0 = Release|x64
		{DEF6B8BE-CCA5-4435-9B19-55FEBC7094CB}.Debug|Any CPU.ActiveCfg = Debug|Any CPU
		{DEF6B8BE-CCA5-4435-9B19-55FEBC7094CB}.Debug|Any CPU.Build.0 = Debug|Any CPU
		{DEF6B8BE-CCA5-4435-9B19-55FEBC7094CB}.Debug|x64.ActiveCfg = Debug|Any CPU
		{DEF6B8BE-CCA5-4435-9B19-55FEBC7094CB}.Debug|x64.Build.0 = Debug|Any CPU
		{DEF6B8BE-CCA5-4435-9B19-55FEBC7094CB}.Release|Any CPU.ActiveCfg = Release|Any CPU
		{DEF6B8BE-CCA5-4435-9B19-55FEBC7094CB}.Release|Any CPU.Build.0 = Release|Any CPU
		{DEF6B8BE-CCA5-4435-9B19-55FEBC7094CB}.Release|x64.ActiveCfg = Release|Any CPU
		{DEF6B8BE-CCA5-4435-9B19-55FEBC7094CB}.Release|x64.Build.0 = Release|Any CPU
		{C8E61C8A-144A-4C58-8B1B-7E67162F3119}.Debug|Any CPU.ActiveCfg = Debug|Any CPU
		{C8E61C8A-144A-4C58-8B1B-7E67162F3119}.Debug|Any CPU.Build.0 = Debug|Any CPU
		{C8E61C8A-144A-4C58-8B1B-7E67162F3119}.Debug|x64.ActiveCfg = Debug|Any CPU
		{C8E61C8A-144A-4C58-8B1B-7E67162F3119}.Debug|x64.Build.0 = Debug|Any CPU
		{C8E61C8A-144A-4C58-8B1B-7E67162F3119}.Release|Any CPU.ActiveCfg = Release|Any CPU
		{C8E61C8A-144A-4C58-8B1B-7E67162F3119}.Release|Any CPU.Build.0 = Release|Any CPU
		{C8E61C8A-144A-4C58-8B1B-7E67162F3119}.Release|x64.ActiveCfg = Release|Any CPU
		{C8E61C8A-144A-4C58-8B1B-7E67162F3119}.Release|x64.Build.0 = Release|Any CPU
	EndGlobalSection
	GlobalSection(SolutionProperties) = preSolution
		HideSolutionNode = FALSE
	EndGlobalSection
	GlobalSection(ExtensibilityGlobals) = postSolution
		SolutionGuid = {8BAC91D2-5E1D-42C9-9578-2DDECF23BCCE}
	EndGlobalSection
EndGlobal
